
Microsoft Visual Studio Solution File, Format Version 12.00
# Visual Studio Version 17
VisualStudioVersion = 17.9.34607.119
MinimumVisualStudioVersion = 10.0.40219.1
Project("{FAE04EC0-301F-11D3-BF4B-00C04F79EFBC}") = "EasyEntryApp", "EasyEntryApp\EasyEntryApp.csproj", "{4694EF4A-5C7E-491D-AF64-845EA101F59A}"
EndProject
Global
	GlobalSection(SolutionConfigurationPlatforms) = preSolution
		Debug|Any CPU = Debug|Any CPU
		Release|Any CPU = Release|Any CPU
	EndGlobalSection
	GlobalSection(ProjectConfigurationPlatforms) = postSolution
		{4694EF4A-5C7E-491D-AF64-845EA101F59A}.Debug|Any CPU.ActiveCfg = Debug|Any CPU
		{4694EF4A-5C7E-491D-AF64-845EA101F59A}.Debug|Any CPU.Build.0 = Debug|Any CPU
		{4694EF4A-5C7E-491D-AF64-845EA101F59A}.Debug|Any CPU.Deploy.0 = Debug|Any CPU
		{4694EF4A-5C7E-491D-AF64-845EA101F59A}.Release|Any CPU.ActiveCfg = Release|Any CPU
		{4694EF4A-5C7E-491D-AF64-845EA101F59A}.Release|Any CPU.Build.0 = Release|Any CPU
		{4694EF4A-5C7E-491D-AF64-845EA101F59A}.Release|Any CPU.Deploy.0 = Release|Any CPU
	EndGlobalSection
	GlobalSection(SolutionProperties) = preSolution
		HideSolutionNode = FALSE
	EndGlobalSection
	GlobalSection(ExtensibilityGlobals) = postSolution
		SolutionGuid = {0BD1232B-A9CD-4398-AE22-A5ADFEFBF497}
	EndGlobalSection
EndGlobal
